
Microsoft Visual Studio Solution File, Format Version 12.00
# Visual Studio Version 17
VisualStudioVersion = 17.4.33205.214
MinimumVisualStudioVersion = 10.0.40219.1
Project("{FAE04EC0-301F-11D3-BF4B-00C04F79EFBC}") = "OneTimePassword", "OneTimePassword\OneTimePassword.csproj", "{4D6A2C8E-3EA0-4D5C-B47E-C0F54BDE4080}"
EndProject
Global
	GlobalSection(SolutionConfigurationPlatforms) = preSolution
		Debug|Any CPU = Debug|Any CPU
		Release|Any CPU = Release|Any CPU
	EndGlobalSection
	GlobalSection(ProjectConfigurationPlatforms) = postSolution
		{4D6A2C8E-3EA0-4D5C-B47E-C0F54BDE4080}.Debug|Any CPU.ActiveCfg = Debug|Any CPU
		{4D6A2C8E-3EA0-4D5C-B47E-C0F54BDE4080}.Debug|Any CPU.Build.0 = Debug|Any CPU
		{4D6A2C8E-3EA0-4D5C-B47E-C0F54BDE4080}.Release|Any CPU.ActiveCfg = Release|Any CPU
		{4D6A2C8E-3EA0-4D5C-B47E-C0F54BDE4080}.Release|Any CPU.Build.0 = Release|Any CPU
	EndGlobalSection
	GlobalSection(SolutionProperties) = preSolution
		HideSolutionNode = FALSE
	EndGlobalSection
	GlobalSection(ExtensibilityGlobals) = postSolution
		SolutionGuid = {63AAE9BC-D66B-4B69-B658-2E813569FDD2}
	EndGlobalSection
EndGlobal
